
Microsoft Visual Studio Solution File, Format Version 12.00
# Visual Studio Version 16
VisualStudioVersion = 16.0.31410.357
MinimumVisualStudioVersion = 10.0.40219.1
Project("{FAE04EC0-301F-11D3-BF4B-00C04F79EFBC}") = "GST", "GST\GST.csproj", "{C56C00DA-CBF8-4798-8E10-BE19B57B544D}"
EndProject
Project("{FAE04EC0-301F-11D3-BF4B-00C04F79EFBC}") = "models", "models\models.csproj", "{75217479-C876-49DF-B6BB-FC99CFE815E6}"
EndProject
Project("{FAE04EC0-301F-11D3-BF4B-00C04F79EFBC}") = "services", "services\services.csproj", "{6B46B059-26E4-443B-B213-5CEC70C2A2F6}"
EndProject
Project("{9A19103F-16F7-4668-BE54-9A1E7A4F7556}") = "LiveData", "LiveData\LiveData.csproj", "{7CFBA74D-B64A-41B7-A717-B09EB0814DDA}"
EndProject
Project("{2150E333-8FDC-42A3-9474-1A3956D46DE8}") = "Solution Items", "Solution Items", "{1B5F64C8-DDA3-4270-869B-7F091EE2EFFA}"
	ProjectSection(SolutionItems) = preProject
		.editorconfig = .editorconfig
	EndProjectSection
EndProject
Global
	GlobalSection(SolutionConfigurationPlatforms) = preSolution
		Debug|Any CPU = Debug|Any CPU
		Release|Any CPU = Release|Any CPU
	EndGlobalSection
	GlobalSection(ProjectConfigurationPlatforms) = postSolution
		{C56C00DA-CBF8-4798-8E10-BE19B57B544D}.Debug|Any CPU.ActiveCfg = Debug|Any CPU
		{C56C00DA-CBF8-4798-8E10-BE19B57B544D}.Debug|Any CPU.Build.0 = Debug|Any CPU
		{C56C00DA-CBF8-4798-8E10-BE19B57B544D}.Release|Any CPU.ActiveCfg = Release|Any CPU
		{C56C00DA-CBF8-4798-8E10-BE19B57B544D}.Release|Any CPU.Build.0 = Release|Any CPU
		{75217479-C876-49DF-B6BB-FC99CFE815E6}.Debug|Any CPU.ActiveCfg = Debug|Any CPU
		{75217479-C876-49DF-B6BB-FC99CFE815E6}.Debug|Any CPU.Build.0 = Debug|Any CPU
		{75217479-C876-49DF-B6BB-FC99CFE815E6}.Release|Any CPU.ActiveCfg = Release|Any CPU
		{75217479-C876-49DF-B6BB-FC99CFE815E6}.Release|Any CPU.Build.0 = Release|Any CPU
		{6B46B059-26E4-443B-B213-5CEC70C2A2F6}.Debug|Any CPU.ActiveCfg = Debug|Any CPU
		{6B46B059-26E4-443B-B213-5CEC70C2A2F6}.Debug|Any CPU.Build.0 = Debug|Any CPU
		{6B46B059-26E4-443B-B213-5CEC70C2A2F6}.Release|Any CPU.ActiveCfg = Release|Any CPU
		{6B46B059-26E4-443B-B213-5CEC70C2A2F6}.Release|Any CPU.Build.0 = Release|Any CPU
		{7CFBA74D-B64A-41B7-A717-B09EB0814DDA}.Debug|Any CPU.ActiveCfg = Debug|Any CPU
		{7CFBA74D-B64A-41B7-A717-B09EB0814DDA}.Debug|Any CPU.Build.0 = Debug|Any CPU
		{7CFBA74D-B64A-41B7-A717-B09EB0814DDA}.Release|Any CPU.ActiveCfg = Release|Any CPU
		{7CFBA74D-B64A-41B7-A717-B09EB0814DDA}.Release|Any CPU.Build.0 = Release|Any CPU
	EndGlobalSection
	GlobalSection(SolutionProperties) = preSolution
		HideSolutionNode = FALSE
	EndGlobalSection
	GlobalSection(ExtensibilityGlobals) = postSolution
		SolutionGuid = {7F704D8B-03D9-41D7-BB05-14CC69C37BAE}
	EndGlobalSection
EndGlobal
